
Microsoft Visual Studio Solution File, Format Version 12.00
# Visual Studio 15
VisualStudioVersion = 15.0.27703.2000
MinimumVisualStudioVersion = 10.0.40219.1
Project("{FAE04EC0-301F-11D3-BF4B-00C04F79EFBC}") = "BudgetPlanner", "BudgetPlanner\BudgetPlanner.csproj", "{EE2225F6-B0F2-4268-8CFF-9B999B18F16A}"
EndProject
Project("{FAE04EC0-301F-11D3-BF4B-00C04F79EFBC}") = "FinancialAPI", "..\..\..\Desktop\School\FinancialAPI\FinancialAPI.csproj", "{28E7D78D-B4C9-4C3E-9858-C3DEDCE5F2D8}"
EndProject
Project("{FAE04EC0-301F-11D3-BF4B-00C04F79EFBC}") = "FinancialApp.Android", "FinancialApp\FinancialApp.Android\FinancialApp.Android.csproj", "{E2B2E7BF-B633-4842-94F8-85264C4CEED7}"
EndProject
Project("{FAE04EC0-301F-11D3-BF4B-00C04F79EFBC}") = "FinancialApp.iOS", "FinancialApp\FinancialApp.iOS\FinancialApp.iOS.csproj", "{939BA48E-0C31-4897-9A4F-DA03FA838E97}"
EndProject
Project("{FAE04EC0-301F-11D3-BF4B-00C04F79EFBC}") = "FinancialApp.UWP", "FinancialApp\FinancialApp.UWP\FinancialApp.UWP.csproj", "{A6697277-24B6-40B4-B7ED-3CB74A3C1280}"
EndProject
Project("{9A19103F-16F7-4668-BE54-9A1E7A4F7556}") = "FinancialApp", "FinancialApp\FinancialApp\FinancialApp.csproj", "{6EE0AD2D-1B3D-41B0-835D-11CA1B87FEA1}"
EndProject
Global
	GlobalSection(SolutionConfigurationPlatforms) = preSolution
		Ad-Hoc|Any CPU = Ad-Hoc|Any CPU
		Ad-Hoc|ARM = Ad-Hoc|ARM
		Ad-Hoc|iPhone = Ad-Hoc|iPhone
		Ad-Hoc|iPhoneSimulator = Ad-Hoc|iPhoneSimulator
		Ad-Hoc|x64 = Ad-Hoc|x64
		Ad-Hoc|x86 = Ad-Hoc|x86
		AppStore|Any CPU = AppStore|Any CPU
		AppStore|ARM = AppStore|ARM
		AppStore|iPhone = AppStore|iPhone
		AppStore|iPhoneSimulator = AppStore|iPhoneSimulator
		AppStore|x64 = AppStore|x64
		AppStore|x86 = AppStore|x86
		Debug|Any CPU = Debug|Any CPU
		Debug|ARM = Debug|ARM
		Debug|iPhone = Debug|iPhone
		Debug|iPhoneSimulator = Debug|iPhoneSimulator
		Debug|x64 = Debug|x64
		Debug|x86 = Debug|x86
		Release|Any CPU = Release|Any CPU
		Release|ARM = Release|ARM
		Release|iPhone = Release|iPhone
		Release|iPhoneSimulator = Release|iPhoneSimulator
		Release|x64 = Release|x64
		Release|x86 = Release|x86
	EndGlobalSection
	GlobalSection(ProjectConfigurationPlatforms) = postSolution
		{EE2225F6-B0F2-4268-8CFF-9B999B18F16A}.Ad-Hoc|Any CPU.ActiveCfg = Release|Any CPU
		{EE2225F6-B0F2-4268-8CFF-9B999B18F16A}.Ad-Hoc|Any CPU.Build.0 = Release|Any CPU
		{EE2225F6-B0F2-4268-8CFF-9B999B18F16A}.Ad-Hoc|ARM.ActiveCfg = Release|Any CPU
		{EE2225F6-B0F2-4268-8CFF-9B999B18F16A}.Ad-Hoc|ARM.Build.0 = Release|Any CPU
		{EE2225F6-B0F2-4268-8CFF-9B999B18F16A}.Ad-Hoc|iPhone.ActiveCfg = Release|Any CPU
		{EE2225F6-B0F2-4268-8CFF-9B999B18F16A}.Ad-Hoc|iPhone.Build.0 = Release|Any CPU
		{EE2225F6-B0F2-4268-8CFF-9B999B18F16A}.Ad-Hoc|iPhoneSimulator.ActiveCfg = Release|Any CPU
		{EE2225F6-B0F2-4268-8CFF-9B999B18F16A}.Ad-Hoc|iPhoneSimulator.Build.0 = Release|Any CPU
		{EE2225F6-B0F2-4268-8CFF-9B999B18F16A}.Ad-Hoc|x64.ActiveCfg = Release|Any CPU
		{EE2225F6-B0F2-4268-8CFF-9B999B18F16A}.Ad-Hoc|x64.Build.0 = Release|Any CPU
		{EE2225F6-B0F2-4268-8CFF-9B999B18F16A}.Ad-Hoc|x86.ActiveCfg = Release|Any CPU
		{EE2225F6-B0F2-4268-8CFF-9B999B18F16A}.Ad-Hoc|x86.Build.0 = Release|Any CPU
		{EE2225F6-B0F2-4268-8CFF-9B999B18F16A}.AppStore|Any CPU.ActiveCfg = Release|Any CPU
		{EE2225F6-B0F2-4268-8CFF-9B999B18F16A}.AppStore|Any CPU.Build.0 = Release|Any CPU
		{EE2225F6-B0F2-4268-8CFF-9B999B18F16A}.AppStore|ARM.ActiveCfg = Release|Any CPU
		{EE2225F6-B0F2-4268-8CFF-9B999B18F16A}.AppStore|ARM.Build.0 = Release|Any CPU
		{EE2225F6-B0F2-4268-8CFF-9B999B18F16A}.AppStore|iPhone.ActiveCfg = Release|Any CPU
		{EE2225F6-B0F2-4268-8CFF-9B999B18F16A}.AppStore|iPhone.Build.0 = Release|Any CPU
		{EE2225F6-B0F2-4268-8CFF-9B999B18F16A}.AppStore|iPhoneSimulator.ActiveCfg = Release|Any CPU
		{EE2225F6-B0F2-4268-8CFF-9B999B18F16A}.AppStore|iPhoneSimulator.Build.0 = Release|Any CPU
		{EE2225F6-B0F2-4268-8CFF-9B999B18F16A}.AppStore|x64.ActiveCfg = Release|Any CPU
		{EE2225F6-B0F2-4268-8CFF-9B999B18F16A}.AppStore|x64.Build.0 = Release|Any CPU
		{EE2225F6-B0F2-4268-8CFF-9B999B18F16A}.AppStore|x86.ActiveCfg = Release|Any CPU
		{EE2225F6-B0F2-4268-8CFF-9B999B18F16A}.AppStore|x86.Build.0 = Release|Any CPU
		{EE2225F6-B0F2-4268-8CFF-9B999B18F16A}.Debug|Any CPU.ActiveCfg = Debug|Any CPU
		{EE2225F6-B0F2-4268-8CFF-9B999B18F16A}.Debug|ARM.ActiveCfg = Debug|Any CPU
		{EE2225F6-B0F2-4268-8CFF-9B999B18F16A}.Debug|ARM.Build.0 = Debug|Any CPU
		{EE2225F6-B0F2-4268-8CFF-9B999B18F16A}.Debug|iPhone.ActiveCfg = Debug|Any CPU
		{EE2225F6-B0F2-4268-8CFF-9B999B18F16A}.Debug|iPhone.Build.0 = Debug|Any CPU
		{EE2225F6-B0F2-4268-8CFF-9B999B18F16A}.Debug|iPhoneSimulator.ActiveCfg = Debug|Any CPU
		{EE2225F6-B0F2-4268-8CFF-9B999B18F16A}.Debug|iPhoneSimulator.Build.0 = Debug|Any CPU
		{EE2225F6-B0F2-4268-8CFF-9B999B18F16A}.Debug|x64.ActiveCfg = Debug|Any CPU
		{EE2225F6-B0F2-4268-8CFF-9B999B18F16A}.Debug|x64.Build.0 = Debug|Any CPU
		{EE2225F6-B0F2-4268-8CFF-9B999B18F16A}.Debug|x86.ActiveCfg = Debug|Any CPU
		{EE2225F6-B0F2-4268-8CFF-9B999B18F16A}.Debug|x86.Build.0 = Debug|Any CPU
		{EE2225F6-B0F2-4268-8CFF-9B999B18F16A}.Release|Any CPU.ActiveCfg = Release|Any CPU
		{EE2225F6-B0F2-4268-8CFF-9B999B18F16A}.Release|Any CPU.Build.0 = Release|Any CPU
		{EE2225F6-B0F2-4268-8CFF-9B999B18F16A}.Release|ARM.ActiveCfg = Release|Any CPU
		{EE2225F6-B0F2-4268-8CFF-9B999B18F16A}.Release|ARM.Build.0 = Release|Any CPU
		{EE2225F6-B0F2-4268-8CFF-9B999B18F16A}.Release|iPhone.ActiveCfg = Release|Any CPU
		{EE2225F6-B0F2-4268-8CFF-9B999B18F16A}.Release|iPhone.Build.0 = Release|Any CPU
		{EE2225F6-B0F2-4268-8CFF-9B999B18F16A}.Release|iPhoneSimulator.ActiveCfg = Release|Any CPU
		{EE2225F6-B0F2-4268-8CFF-9B999B18F16A}.Release|iPhoneSimulator.Build.0 = Release|Any CPU
		{EE2225F6-B0F2-4268-8CFF-9B999B18F16A}.Release|x64.ActiveCfg = Release|Any CPU
		{EE2225F6-B0F2-4268-8CFF-9B999B18F16A}.Release|x64.Build.0 = Release|Any CPU
		{EE2225F6-B0F2-4268-8CFF-9B999B18F16A}.Release|x86.ActiveCfg = Release|Any CPU
		{EE2225F6-B0F2-4268-8CFF-9B999B18F16A}.Release|x86.Build.0 = Release|Any CPU
		{28E7D78D-B4C9-4C3E-9858-C3DEDCE5F2D8}.Ad-Hoc|Any CPU.ActiveCfg = Release|Any CPU
		{28E7D78D-B4C9-4C3E-9858-C3DEDCE5F2D8}.Ad-Hoc|Any CPU.Build.0 = Release|Any CPU
		{28E7D78D-B4C9-4C3E-9858-C3DEDCE5F2D8}.Ad-Hoc|ARM.ActiveCfg = Release|Any CPU
		{28E7D78D-B4C9-4C3E-9858-C3DEDCE5F2D8}.Ad-Hoc|ARM.Build.0 = Release|Any CPU
		{28E7D78D-B4C9-4C3E-9858-C3DEDCE5F2D8}.Ad-Hoc|iPhone.ActiveCfg = Release|Any CPU
		{28E7D78D-B4C9-4C3E-9858-C3DEDCE5F2D8}.Ad-Hoc|iPhone.Build.0 = Release|Any CPU
		{28E7D78D-B4C9-4C3E-9858-C3DEDCE5F2D8}.Ad-Hoc|iPhoneSimulator.ActiveCfg = Release|Any CPU
		{28E7D78D-B4C9-4C3E-9858-C3DEDCE5F2D8}.Ad-Hoc|iPhoneSimulator.Build.0 = Release|Any CPU
		{28E7D78D-B4C9-4C3E-9858-C3DEDCE5F2D8}.Ad-Hoc|x64.ActiveCfg = Release|Any CPU
		{28E7D78D-B4C9-4C3E-9858-C3DEDCE5F2D8}.Ad-Hoc|x64.Build.0 = Release|Any CPU
		{28E7D78D-B4C9-4C3E-9858-C3DEDCE5F2D8}.Ad-Hoc|x86.ActiveCfg = Release|Any CPU
		{28E7D78D-B4C9-4C3E-9858-C3DEDCE5F2D8}.Ad-Hoc|x86.Build.0 = Release|Any CPU
		{28E7D78D-B4C9-4C3E-9858-C3DEDCE5F2D8}.AppStore|Any CPU.ActiveCfg = Release|Any CPU
		{28E7D78D-B4C9-4C3E-9858-C3DEDCE5F2D8}.AppStore|Any CPU.Build.0 = Release|Any CPU
		{28E7D78D-B4C9-4C3E-9858-C3DEDCE5F2D8}.AppStore|ARM.ActiveCfg = Release|Any CPU
		{28E7D78D-B4C9-4C3E-9858-C3DEDCE5F2D8}.AppStore|ARM.Build.0 = Release|Any CPU
		{28E7D78D-B4C9-4C3E-9858-C3DEDCE5F2D8}.AppStore|iPhone.ActiveCfg = Release|Any CPU
		{28E7D78D-B4C9-4C3E-9858-C3DEDCE5F2D8}.AppStore|iPhone.Build.0 = Release|Any CPU
		{28E7D78D-B4C9-4C3E-9858-C3DEDCE5F2D8}.AppStore|iPhoneSimulator.ActiveCfg = Release|Any CPU
		{28E7D78D-B4C9-4C3E-9858-C3DEDCE5F2D8}.AppStore|iPhoneSimulator.Build.0 = Release|Any CPU
		{28E7D78D-B4C9-4C3E-9858-C3DEDCE5F2D8}.AppStore|x64.ActiveCfg = Release|Any CPU
		{28E7D78D-B4C9-4C3E-9858-C3DEDCE5F2D8}.AppStore|x64.Build.0 = Release|Any CPU
		{28E7D78D-B4C9-4C3E-9858-C3DEDCE5F2D8}.AppStore|x86.ActiveCfg = Release|Any CPU
		{28E7D78D-B4C9-4C3E-9858-C3DEDCE5F2D8}.AppStore|x86.Build.0 = Release|Any CPU
		{28E7D78D-B4C9-4C3E-9858-C3DEDCE5F2D8}.Debug|Any CPU.ActiveCfg = Debug|Any CPU
		{28E7D78D-B4C9-4C3E-9858-C3DEDCE5F2D8}.Debug|ARM.ActiveCfg = Debug|Any CPU
		{28E7D78D-B4C9-4C3E-9858-C3DEDCE5F2D8}.Debug|ARM.Build.0 = Debug|Any CPU
		{28E7D78D-B4C9-4C3E-9858-C3DEDCE5F2D8}.Debug|iPhone.ActiveCfg = Debug|Any CPU
		{28E7D78D-B4C9-4C3E-9858-C3DEDCE5F2D8}.Debug|iPhone.Build.0 = Debug|Any CPU
		{28E7D78D-B4C9-4C3E-9858-C3DEDCE5F2D8}.Debug|iPhoneSimulator.ActiveCfg = Debug|Any CPU
		{28E7D78D-B4C9-4C3E-9858-C3DEDCE5F2D8}.Debug|iPhoneSimulator.Build.0 = Debug|Any CPU
		{28E7D78D-B4C9-4C3E-9858-C3DEDCE5F2D8}.Debug|x64.ActiveCfg = Debug|Any CPU
		{28E7D78D-B4C9-4C3E-9858-C3DEDCE5F2D8}.Debug|x64.Build.0 = Debug|Any CPU
		{28E7D78D-B4C9-4C3E-9858-C3DEDCE5F2D8}.Debug|x86.ActiveCfg = Debug|Any CPU
		{28E7D78D-B4C9-4C3E-9858-C3DEDCE5F2D8}.Debug|x86.Build.0 = Debug|Any CPU
		{28E7D78D-B4C9-4C3E-9858-C3DEDCE5F2D8}.Release|Any CPU.ActiveCfg = Release|Any CPU
		{28E7D78D-B4C9-4C3E-9858-C3DEDCE5F2D8}.Release|Any CPU.Build.0 = Release|Any CPU
		{28E7D78D-B4C9-4C3E-9858-C3DEDCE5F2D8}.Release|ARM.ActiveCfg = Release|Any CPU
		{28E7D78D-B4C9-4C3E-9858-C3DEDCE5F2D8}.Release|ARM.Build.0 = Release|Any CPU
		{28E7D78D-B4C9-4C3E-9858-C3DEDCE5F2D8}.Release|iPhone.ActiveCfg = Release|Any CPU
		{28E7D78D-B4C9-4C3E-9858-C3DEDCE5F2D8}.Release|iPhone.Build.0 = Release|Any CPU
		{28E7D78D-B4C9-4C3E-9858-C3DEDCE5F2D8}.Release|iPhoneSimulator.ActiveCfg = Release|Any CPU
		{28E7D78D-B4C9-4C3E-9858-C3DEDCE5F2D8}.Release|iPhoneSimulator.Build.0 = Release|Any CPU
		{28E7D78D-B4C9-4C3E-9858-C3DEDCE5F2D8}.Release|x64.ActiveCfg = Release|Any CPU
		{28E7D78D-B4C9-4C3E-9858-C3DEDCE5F2D8}.Release|x64.Build.0 = Release|Any CPU
		{28E7D78D-B4C9-4C3E-9858-C3DEDCE5F2D8}.Release|x86.ActiveCfg = Release|Any CPU
		{28E7D78D-B4C9-4C3E-9858-C3DEDCE5F2D8}.Release|x86.Build.0 = Release|Any CPU
		{E2B2E7BF-B633-4842-94F8-85264C4CEED7}.Ad-Hoc|Any CPU.ActiveCfg = Release|Any CPU
		{E2B2E7BF-B633-4842-94F8-85264C4CEED7}.Ad-Hoc|Any CPU.Build.0 = Release|Any CPU
		{E2B2E7BF-B633-4842-94F8-85264C4CEED7}.Ad-Hoc|Any CPU.Deploy.0 = Release|Any CPU
		{E2B2E7BF-B633-4842-94F8-85264C4CEED7}.Ad-Hoc|ARM.ActiveCfg = Release|Any CPU
		{E2B2E7BF-B633-4842-94F8-85264C4CEED7}.Ad-Hoc|ARM.Build.0 = Release|Any CPU
		{E2B2E7BF-B633-4842-94F8-85264C4CEED7}.Ad-Hoc|ARM.Deploy.0 = Release|Any CPU
		{E2B2E7BF-B633-4842-94F8-85264C4CEED7}.Ad-Hoc|iPhone.ActiveCfg = Release|Any CPU
		{E2B2E7BF-B633-4842-94F8-85264C4CEED7}.Ad-Hoc|iPhone.Build.0 = Release|Any CPU
		{E2B2E7BF-B633-4842-94F8-85264C4CEED7}.Ad-Hoc|iPhone.Deploy.0 = Release|Any CPU
		{E2B2E7BF-B633-4842-94F8-85264C4CEED7}.Ad-Hoc|iPhoneSimulator.ActiveCfg = Release|Any CPU
		{E2B2E7BF-B633-4842-94F8-85264C4CEED7}.Ad-Hoc|iPhoneSimulator.Build.0 = Release|Any CPU
		{E2B2E7BF-B633-4842-94F8-85264C4CEED7}.Ad-Hoc|iPhoneSimulator.Deploy.0 = Release|Any CPU
		{E2B2E7BF-B633-4842-94F8-85264C4CEED7}.Ad-Hoc|x64.ActiveCfg = Release|Any CPU
		{E2B2E7BF-B633-4842-94F8-85264C4CEED7}.Ad-Hoc|x64.Build.0 = Release|Any CPU
		{E2B2E7BF-B633-4842-94F8-85264C4CEED7}.Ad-Hoc|x64.Deploy.0 = Release|Any CPU
		{E2B2E7BF-B633-4842-94F8-85264C4CEED7}.Ad-Hoc|x86.ActiveCfg = Release|Any CPU
		{E2B2E7BF-B633-4842-94F8-85264C4CEED7}.Ad-Hoc|x86.Build.0 = Release|Any CPU
		{E2B2E7BF-B633-4842-94F8-85264C4CEED7}.Ad-Hoc|x86.Deploy.0 = Release|Any CPU
		{E2B2E7BF-B633-4842-94F8-85264C4CEED7}.AppStore|Any CPU.ActiveCfg = Release|Any CPU
		{E2B2E7BF-B633-4842-94F8-85264C4CEED7}.AppStore|Any CPU.Build.0 = Release|Any CPU
		{E2B2E7BF-B633-4842-94F8-85264C4CEED7}.AppStore|Any CPU.Deploy.0 = Release|Any CPU
		{E2B2E7BF-B633-4842-94F8-85264C4CEED7}.AppStore|ARM.ActiveCfg = Release|Any CPU
		{E2B2E7BF-B633-4842-94F8-85264C4CEED7}.AppStore|ARM.Build.0 = Release|Any CPU
		{E2B2E7BF-B633-4842-94F8-85264C4CEED7}.AppStore|ARM.Deploy.0 = Release|Any CPU
		{E2B2E7BF-B633-4842-94F8-85264C4CEED7}.AppStore|iPhone.ActiveCfg = Release|Any CPU
		{E2B2E7BF-B633-4842-94F8-85264C4CEED7}.AppStore|iPhone.Build.0 = Release|Any CPU
		{E2B2E7BF-B633-4842-94F8-85264C4CEED7}.AppStore|iPhone.Deploy.0 = Release|Any CPU
		{E2B2E7BF-B633-4842-94F8-85264C4CEED7}.AppStore|iPhoneSimulator.ActiveCfg = Release|Any CPU
		{E2B2E7BF-B633-4842-94F8-85264C4CEED7}.AppStore|iPhoneSimulator.Build.0 = Release|Any CPU
		{E2B2E7BF-B633-4842-94F8-85264C4CEED7}.AppStore|iPhoneSimulator.Deploy.0 = Release|Any CPU
		{E2B2E7BF-B633-4842-94F8-85264C4CEED7}.AppStore|x64.ActiveCfg = Release|Any CPU
		{E2B2E7BF-B633-4842-94F8-85264C4CEED7}.AppStore|x64.Build.0 = Release|Any CPU
		{E2B2E7BF-B633-4842-94F8-85264C4CEED7}.AppStore|x64.Deploy.0 = Release|Any CPU
		{E2B2E7BF-B633-4842-94F8-85264C4CEED7}.AppStore|x86.ActiveCfg = Release|Any CPU
		{E2B2E7BF-B633-4842-94F8-85264C4CEED7}.AppStore|x86.Build.0 = Release|Any CPU
		{E2B2E7BF-B633-4842-94F8-85264C4CEED7}.AppStore|x86.Deploy.0 = Release|Any CPU
		{E2B2E7BF-B633-4842-94F8-85264C4CEED7}.Debug|Any CPU.ActiveCfg = Debug|Any CPU
		{E2B2E7BF-B633-4842-94F8-85264C4CEED7}.Debug|Any CPU.Build.0 = Debug|Any CPU
		{E2B2E7BF-B633-4842-94F8-85264C4CEED7}.Debug|ARM.ActiveCfg = Debug|Any CPU
		{E2B2E7BF-B633-4842-94F8-85264C4CEED7}.Debug|ARM.Build.0 = Debug|Any CPU
		{E2B2E7BF-B633-4842-94F8-85264C4CEED7}.Debug|ARM.Deploy.0 = Debug|Any CPU
		{E2B2E7BF-B633-4842-94F8-85264C4CEED7}.Debug|iPhone.ActiveCfg = Debug|Any CPU
		{E2B2E7BF-B633-4842-94F8-85264C4CEED7}.Debug|iPhone.Build.0 = Debug|Any CPU
		{E2B2E7BF-B633-4842-94F8-85264C4CEED7}.Debug|iPhone.Deploy.0 = Debug|Any CPU
		{E2B2E7BF-B633-4842-94F8-85264C4CEED7}.Debug|iPhoneSimulator.ActiveCfg = Debug|Any CPU
		{E2B2E7BF-B633-4842-94F8-85264C4CEED7}.Debug|iPhoneSimulator.Build.0 = Debug|Any CPU
		{E2B2E7BF-B633-4842-94F8-85264C4CEED7}.Debug|iPhoneSimulator.Deploy.0 = Debug|Any CPU
		{E2B2E7BF-B633-4842-94F8-85264C4CEED7}.Debug|x64.ActiveCfg = Debug|Any CPU
		{E2B2E7BF-B633-4842-94F8-85264C4CEED7}.Debug|x64.Build.0 = Debug|Any CPU
		{E2B2E7BF-B633-4842-94F8-85264C4CEED7}.Debug|x64.Deploy.0 = Debug|Any CPU
		{E2B2E7BF-B633-4842-94F8-85264C4CEED7}.Debug|x86.ActiveCfg = Debug|Any CPU
		{E2B2E7BF-B633-4842-94F8-85264C4CEED7}.Debug|x86.Build.0 = Debug|Any CPU
		{E2B2E7BF-B633-4842-94F8-85264C4CEED7}.Debug|x86.Deploy.0 = Debug|Any CPU
		{E2B2E7BF-B633-4842-94F8-85264C4CEED7}.Release|Any CPU.ActiveCfg = Release|Any CPU
		{E2B2E7BF-B633-4842-94F8-85264C4CEED7}.Release|Any CPU.Build.0 = Release|Any CPU
		{E2B2E7BF-B633-4842-94F8-85264C4CEED7}.Release|Any CPU.Deploy.0 = Release|Any CPU
		{E2B2E7BF-B633-4842-94F8-85264C4CEED7}.Release|ARM.ActiveCfg = Release|Any CPU
		{E2B2E7BF-B633-4842-94F8-85264C4CEED7}.Release|ARM.Build.0 = Release|Any CPU
		{E2B2E7BF-B633-4842-94F8-85264C4CEED7}.Release|ARM.Deploy.0 = Release|Any CPU
		{E2B2E7BF-B633-4842-94F8-85264C4CEED7}.Release|iPhone.ActiveCfg = Release|Any CPU
		{E2B2E7BF-B633-4842-94F8-85264C4CEED7}.Release|iPhone.Build.0 = Release|Any CPU
		{E2B2E7BF-B633-4842-94F8-85264C4CEED7}.Release|iPhone.Deploy.0 = Release|Any CPU
		{E2B2E7BF-B633-4842-94F8-85264C4CEED7}.Release|iPhoneSimulator.ActiveCfg = Release|Any CPU
		{E2B2E7BF-B633-4842-94F8-85264C4CEED7}.Release|iPhoneSimulator.Build.0 = Release|Any CPU
		{E2B2E7BF-B633-4842-94F8-85264C4CEED7}.Release|iPhoneSimulator.Deploy.0 = Release|Any CPU
		{E2B2E7BF-B633-4842-94F8-85264C4CEED7}.Release|x64.ActiveCfg = Release|Any CPU
		{E2B2E7BF-B633-4842-94F8-85264C4CEED7}.Release|x64.Build.0 = Release|Any CPU
		{E2B2E7BF-B633-4842-94F8-85264C4CEED7}.Release|x64.Deploy.0 = Release|Any CPU
		{E2B2E7BF-B633-4842-94F8-85264C4CEED7}.Release|x86.ActiveCfg = Release|Any CPU
		{E2B2E7BF-B633-4842-94F8-85264C4CEED7}.Release|x86.Build.0 = Release|Any CPU
		{E2B2E7BF-B633-4842-94F8-85264C4CEED7}.Release|x86.Deploy.0 = Release|Any CPU
		{939BA48E-0C31-4897-9A4F-DA03FA838E97}.Ad-Hoc|Any CPU.ActiveCfg = Ad-Hoc|iPhone
		{939BA48E-0C31-4897-9A4F-DA03FA838E97}.Ad-Hoc|ARM.ActiveCfg = Ad-Hoc|iPhone
		{939BA48E-0C31-4897-9A4F-DA03FA838E97}.Ad-Hoc|iPhone.ActiveCfg = Ad-Hoc|iPhone
		{939BA48E-0C31-4897-9A4F-DA03FA838E97}.Ad-Hoc|iPhone.Build.0 = Ad-Hoc|iPhone
		{939BA48E-0C31-4897-9A4F-DA03FA838E97}.Ad-Hoc|iPhoneSimulator.ActiveCfg = Ad-Hoc|iPhoneSimulator
		{939BA48E-0C31-4897-9A4F-DA03FA838E97}.Ad-Hoc|iPhoneSimulator.Build.0 = Ad-Hoc|iPhoneSimulator
		{939BA48E-0C31-4897-9A4F-DA03FA838E97}.Ad-Hoc|x64.ActiveCfg = Ad-Hoc|iPhone
		{939BA48E-0C31-4897-9A4F-DA03FA838E97}.Ad-Hoc|x86.ActiveCfg = Ad-Hoc|iPhone
		{939BA48E-0C31-4897-9A4F-DA03FA838E97}.AppStore|Any CPU.ActiveCfg = AppStore|iPhone
		{939BA48E-0C31-4897-9A4F-DA03FA838E97}.AppStore|ARM.ActiveCfg = AppStore|iPhone
		{939BA48E-0C31-4897-9A4F-DA03FA838E97}.AppStore|iPhone.ActiveCfg = AppStore|iPhone
		{939BA48E-0C31-4897-9A4F-DA03FA838E97}.AppStore|iPhone.Build.0 = AppStore|iPhone
		{939BA48E-0C31-4897-9A4F-DA03FA838E97}.AppStore|iPhoneSimulator.ActiveCfg = AppStore|iPhoneSimulator
		{939BA48E-0C31-4897-9A4F-DA03FA838E97}.AppStore|iPhoneSimulator.Build.0 = AppStore|iPhoneSimulator
		{939BA48E-0C31-4897-9A4F-DA03FA838E97}.AppStore|x64.ActiveCfg = AppStore|iPhone
		{939BA48E-0C31-4897-9A4F-DA03FA838E97}.AppStore|x86.ActiveCfg = AppStore|iPhone
		{939BA48E-0C31-4897-9A4F-DA03FA838E97}.Debug|Any CPU.ActiveCfg = Debug|iPhone
		{939BA48E-0C31-4897-9A4F-DA03FA838E97}.Debug|Any CPU.Build.0 = Debug|iPhone
		{939BA48E-0C31-4897-9A4F-DA03FA838E97}.Debug|ARM.ActiveCfg = Debug|iPhone
		{939BA48E-0C31-4897-9A4F-DA03FA838E97}.Debug|iPhone.ActiveCfg = Debug|iPhone
		{939BA48E-0C31-4897-9A4F-DA03FA838E97}.Debug|iPhone.Build.0 = Debug|iPhone
		{939BA48E-0C31-4897-9A4F-DA03FA838E97}.Debug|iPhoneSimulator.ActiveCfg = Debug|iPhoneSimulator
		{939BA48E-0C31-4897-9A4F-DA03FA838E97}.Debug|iPhoneSimulator.Build.0 = Debug|iPhoneSimulator
		{939BA48E-0C31-4897-9A4F-DA03FA838E97}.Debug|x64.ActiveCfg = Debug|iPhone
		{939BA48E-0C31-4897-9A4F-DA03FA838E97}.Debug|x86.ActiveCfg = Debug|iPhone
		{939BA48E-0C31-4897-9A4F-DA03FA838E97}.Release|Any CPU.ActiveCfg = Release|iPhone
		{939BA48E-0C31-4897-9A4F-DA03FA838E97}.Release|ARM.ActiveCfg = Release|iPhone
		{939BA48E-0C31-4897-9A4F-DA03FA838E97}.Release|iPhone.ActiveCfg = Release|iPhone
		{939BA48E-0C31-4897-9A4F-DA03FA838E97}.Release|iPhone.Build.0 = Release|iPhone
		{939BA48E-0C31-4897-9A4F-DA03FA838E97}.Release|iPhoneSimulator.ActiveCfg = Release|iPhoneSimulator
		{939BA48E-0C31-4897-9A4F-DA03FA838E97}.Release|iPhoneSimulator.Build.0 = Release|iPhoneSimulator
		{939BA48E-0C31-4897-9A4F-DA03FA838E97}.Release|x64.ActiveCfg = Release|iPhone
		{939BA48E-0C31-4897-9A4F-DA03FA838E97}.Release|x86.ActiveCfg = Release|iPhone
		{A6697277-24B6-40B4-B7ED-3CB74A3C1280}.Ad-Hoc|Any CPU.ActiveCfg = Release|x86
		{A6697277-24B6-40B4-B7ED-3CB74A3C1280}.Ad-Hoc|Any CPU.Build.0 = Release|x86
		{A6697277-24B6-40B4-B7ED-3CB74A3C1280}.Ad-Hoc|Any CPU.Deploy.0 = Release|x86
		{A6697277-24B6-40B4-B7ED-3CB74A3C1280}.Ad-Hoc|ARM.ActiveCfg = Release|ARM
		{A6697277-24B6-40B4-B7ED-3CB74A3C1280}.Ad-Hoc|ARM.Build.0 = Release|ARM
		{A6697277-24B6-40B4-B7ED-3CB74A3C1280}.Ad-Hoc|ARM.Deploy.0 = Release|ARM
		{A6697277-24B6-40B4-B7ED-3CB74A3C1280}.Ad-Hoc|iPhone.ActiveCfg = Release|x86
		{A6697277-24B6-40B4-B7ED-3CB74A3C1280}.Ad-Hoc|iPhone.Build.0 = Release|x86
		{A6697277-24B6-40B4-B7ED-3CB74A3C1280}.Ad-Hoc|iPhone.Deploy.0 = Release|x86
		{A6697277-24B6-40B4-B7ED-3CB74A3C1280}.Ad-Hoc|iPhoneSimulator.ActiveCfg = Release|x86
		{A6697277-24B6-40B4-B7ED-3CB74A3C1280}.Ad-Hoc|iPhoneSimulator.Build.0 = Release|x86
		{A6697277-24B6-40B4-B7ED-3CB74A3C1280}.Ad-Hoc|iPhoneSimulator.Deploy.0 = Release|x86
		{A6697277-24B6-40B4-B7ED-3CB74A3C1280}.Ad-Hoc|x64.ActiveCfg = Release|x64
		{A6697277-24B6-40B4-B7ED-3CB74A3C1280}.Ad-Hoc|x64.Build.0 = Release|x64
		{A6697277-24B6-40B4-B7ED-3CB74A3C1280}.Ad-Hoc|x64.Deploy.0 = Release|x64
		{A6697277-24B6-40B4-B7ED-3CB74A3C1280}.Ad-Hoc|x86.ActiveCfg = Release|x86
		{A6697277-24B6-40B4-B7ED-3CB74A3C1280}.Ad-Hoc|x86.Build.0 = Release|x86
		{A6697277-24B6-40B4-B7ED-3CB74A3C1280}.Ad-Hoc|x86.Deploy.0 = Release|x86
		{A6697277-24B6-40B4-B7ED-3CB74A3C1280}.AppStore|Any CPU.ActiveCfg = Release|x86
		{A6697277-24B6-40B4-B7ED-3CB74A3C1280}.AppStore|Any CPU.Build.0 = Release|x86
		{A6697277-24B6-40B4-B7ED-3CB74A3C1280}.AppStore|Any CPU.Deploy.0 = Release|x86
		{A6697277-24B6-40B4-B7ED-3CB74A3C1280}.AppStore|ARM.ActiveCfg = Release|ARM
		{A6697277-24B6-40B4-B7ED-3CB74A3C1280}.AppStore|ARM.Build.0 = Release|ARM
		{A6697277-24B6-40B4-B7ED-3CB74A3C1280}.AppStore|ARM.Deploy.0 = Release|ARM
		{A6697277-24B6-40B4-B7ED-3CB74A3C1280}.AppStore|iPhone.ActiveCfg = Release|x86
		{A6697277-24B6-40B4-B7ED-3CB74A3C1280}.AppStore|iPhone.Build.0 = Release|x86
		{A6697277-24B6-40B4-B7ED-3CB74A3C1280}.AppStore|iPhone.Deploy.0 = Release|x86
		{A6697277-24B6-40B4-B7ED-3CB74A3C1280}.AppStore|iPhoneSimulator.ActiveCfg = Release|x86
		{A6697277-24B6-40B4-B7ED-3CB74A3C1280}.AppStore|iPhoneSimulator.Build.0 = Release|x86
		{A6697277-24B6-40B4-B7ED-3CB74A3C1280}.AppStore|iPhoneSimulator.Deploy.0 = Release|x86
		{A6697277-24B6-40B4-B7ED-3CB74A3C1280}.AppStore|x64.ActiveCfg = Release|x64
		{A6697277-24B6-40B4-B7ED-3CB74A3C1280}.AppStore|x64.Build.0 = Release|x64
		{A6697277-24B6-40B4-B7ED-3CB74A3C1280}.AppStore|x64.Deploy.0 = Release|x64
		{A6697277-24B6-40B4-B7ED-3CB74A3C1280}.AppStore|x86.ActiveCfg = Release|x86
		{A6697277-24B6-40B4-B7ED-3CB74A3C1280}.AppStore|x86.Build.0 = Release|x86
		{A6697277-24B6-40B4-B7ED-3CB74A3C1280}.AppStore|x86.Deploy.0 = Release|x86
		{A6697277-24B6-40B4-B7ED-3CB74A3C1280}.Debug|Any CPU.ActiveCfg = Debug|x86
		{A6697277-24B6-40B4-B7ED-3CB74A3C1280}.Debug|Any CPU.Build.0 = Debug|x86
		{A6697277-24B6-40B4-B7ED-3CB74A3C1280}.Debug|ARM.ActiveCfg = Debug|ARM
		{A6697277-24B6-40B4-B7ED-3CB74A3C1280}.Debug|ARM.Build.0 = Debug|ARM
		{A6697277-24B6-40B4-B7ED-3CB74A3C1280}.Debug|ARM.Deploy.0 = Debug|ARM
		{A6697277-24B6-40B4-B7ED-3CB74A3C1280}.Debug|iPhone.ActiveCfg = Debug|x86
		{A6697277-24B6-40B4-B7ED-3CB74A3C1280}.Debug|iPhoneSimulator.ActiveCfg = Debug|x86
		{A6697277-24B6-40B4-B7ED-3CB74A3C1280}.Debug|x64.ActiveCfg = Debug|x64
		{A6697277-24B6-40B4-B7ED-3CB74A3C1280}.Debug|x64.Build.0 = Debug|x64
		{A6697277-24B6-40B4-B7ED-3CB74A3C1280}.Debug|x64.Deploy.0 = Debug|x64
		{A6697277-24B6-40B4-B7ED-3CB74A3C1280}.Debug|x86.ActiveCfg = Debug|x86
		{A6697277-24B6-40B4-B7ED-3CB74A3C1280}.Debug|x86.Build.0 = Debug|x86
		{A6697277-24B6-40B4-B7ED-3CB74A3C1280}.Debug|x86.Deploy.0 = Debug|x86
		{A6697277-24B6-40B4-B7ED-3CB74A3C1280}.Release|Any CPU.ActiveCfg = Release|x86
		{A6697277-24B6-40B4-B7ED-3CB74A3C1280}.Release|ARM.ActiveCfg = Release|ARM
		{A6697277-24B6-40B4-B7ED-3CB74A3C1280}.Release|ARM.Build.0 = Release|ARM
		{A6697277-24B6-40B4-B7ED-3CB74A3C1280}.Release|ARM.Deploy.0 = Release|ARM
		{A6697277-24B6-40B4-B7ED-3CB74A3C1280}.Release|iPhone.ActiveCfg = Release|x86
		{A6697277-24B6-40B4-B7ED-3CB74A3C1280}.Release|iPhoneSimulator.ActiveCfg = Release|x86
		{A6697277-24B6-40B4-B7ED-3CB74A3C1280}.Release|x64.ActiveCfg = Release|x64
		{A6697277-24B6-40B4-B7ED-3CB74A3C1280}.Release|x64.Build.0 = Release|x64
		{A6697277-24B6-40B4-B7ED-3CB74A3C1280}.Release|x64.Deploy.0 = Release|x64
		{A6697277-24B6-40B4-B7ED-3CB74A3C1280}.Release|x86.ActiveCfg = Release|x86
		{A6697277-24B6-40B4-B7ED-3CB74A3C1280}.Release|x86.Build.0 = Release|x86
		{A6697277-24B6-40B4-B7ED-3CB74A3C1280}.Release|x86.Deploy.0 = Release|x86
		{6EE0AD2D-1B3D-41B0-835D-11CA1B87FEA1}.Ad-Hoc|Any CPU.ActiveCfg = Debug|Any CPU
		{6EE0AD2D-1B3D-41B0-835D-11CA1B87FEA1}.Ad-Hoc|Any CPU.Build.0 = Debug|Any CPU
		{6EE0AD2D-1B3D-41B0-835D-11CA1B87FEA1}.Ad-Hoc|ARM.ActiveCfg = Debug|Any CPU
		{6EE0AD2D-1B3D-41B0-835D-11CA1B87FEA1}.Ad-Hoc|ARM.Build.0 = Debug|Any CPU
		{6EE0AD2D-1B3D-41B0-835D-11CA1B87FEA1}.Ad-Hoc|iPhone.ActiveCfg = Debug|Any CPU
		{6EE0AD2D-1B3D-41B0-835D-11CA1B87FEA1}.Ad-Hoc|iPhone.Build.0 = Debug|Any CPU
		{6EE0AD2D-1B3D-41B0-835D-11CA1B87FEA1}.Ad-Hoc|iPhoneSimulator.ActiveCfg = Debug|Any CPU
		{6EE0AD2D-1B3D-41B0-835D-11CA1B87FEA1}.Ad-Hoc|iPhoneSimulator.Build.0 = Debug|Any CPU
		{6EE0AD2D-1B3D-41B0-835D-11CA1B87FEA1}.Ad-Hoc|x64.ActiveCfg = Debug|Any CPU
		{6EE0AD2D-1B3D-41B0-835D-11CA1B87FEA1}.Ad-Hoc|x64.Build.0 = Debug|Any CPU
		{6EE0AD2D-1B3D-41B0-835D-11CA1B87FEA1}.Ad-Hoc|x86.ActiveCfg = Debug|Any CPU
		{6EE0AD2D-1B3D-41B0-835D-11CA1B87FEA1}.Ad-Hoc|x86.Build.0 = Debug|Any CPU
		{6EE0AD2D-1B3D-41B0-835D-11CA1B87FEA1}.AppStore|Any CPU.ActiveCfg = Debug|Any CPU
		{6EE0AD2D-1B3D-41B0-835D-11CA1B87FEA1}.AppStore|Any CPU.Build.0 = Debug|Any CPU
		{6EE0AD2D-1B3D-41B0-835D-11CA1B87FEA1}.AppStore|ARM.ActiveCfg = Debug|Any CPU
		{6EE0AD2D-1B3D-41B0-835D-11CA1B87FEA1}.AppStore|ARM.Build.0 = Debug|Any CPU
		{6EE0AD2D-1B3D-41B0-835D-11CA1B87FEA1}.AppStore|iPhone.ActiveCfg = Debug|Any CPU
		{6EE0AD2D-1B3D-41B0-835D-11CA1B87FEA1}.AppStore|iPhone.Build.0 = Debug|Any CPU
		{6EE0AD2D-1B3D-41B0-835D-11CA1B87FEA1}.AppStore|iPhoneSimulator.ActiveCfg = Debug|Any CPU
		{6EE0AD2D-1B3D-41B0-835D-11CA1B87FEA1}.AppStore|iPhoneSimulator.Build.0 = Debug|Any CPU
		{6EE0AD2D-1B3D-41B0-835D-11CA1B87FEA1}.AppStore|x64.ActiveCfg = Debug|Any CPU
		{6EE0AD2D-1B3D-41B0-835D-11CA1B87FEA1}.AppStore|x64.Build.0 = Debug|Any CPU
		{6EE0AD2D-1B3D-41B0-835D-11CA1B87FEA1}.AppStore|x86.ActiveCfg = Debug|Any CPU
		{6EE0AD2D-1B3D-41B0-835D-11CA1B87FEA1}.AppStore|x86.Build.0 = Debug|Any CPU
		{6EE0AD2D-1B3D-41B0-835D-11CA1B87FEA1}.Debug|Any CPU.ActiveCfg = Debug|Any CPU
		{6EE0AD2D-1B3D-41B0-835D-11CA1B87FEA1}.Debug|Any CPU.Build.0 = Debug|Any CPU
		{6EE0AD2D-1B3D-41B0-835D-11CA1B87FEA1}.Debug|ARM.ActiveCfg = Debug|Any CPU
		{6EE0AD2D-1B3D-41B0-835D-11CA1B87FEA1}.Debug|ARM.Build.0 = Debug|Any CPU
		{6EE0AD2D-1B3D-41B0-835D-11CA1B87FEA1}.Debug|iPhone.ActiveCfg = Debug|Any CPU
		{6EE0AD2D-1B3D-41B0-835D-11CA1B87FEA1}.Debug|iPhone.Build.0 = Debug|Any CPU
		{6EE0AD2D-1B3D-41B0-835D-11CA1B87FEA1}.Debug|iPhoneSimulator.ActiveCfg = Debug|Any CPU
		{6EE0AD2D-1B3D-41B0-835D-11CA1B87FEA1}.Debug|iPhoneSimulator.Build.0 = Debug|Any CPU
		{6EE0AD2D-1B3D-41B0-835D-11CA1B87FEA1}.Debug|x64.ActiveCfg = Debug|Any CPU
		{6EE0AD2D-1B3D-41B0-835D-11CA1B87FEA1}.Debug|x64.Build.0 = Debug|Any CPU
		{6EE0AD2D-1B3D-41B0-835D-11CA1B87FEA1}.Debug|x86.ActiveCfg = Debug|Any CPU
		{6EE0AD2D-1B3D-41B0-835D-11CA1B87FEA1}.Debug|x86.Build.0 = Debug|Any CPU
		{6EE0AD2D-1B3D-41B0-835D-11CA1B87FEA1}.Release|Any CPU.ActiveCfg = Release|Any CPU
		{6EE0AD2D-1B3D-41B0-835D-11CA1B87FEA1}.Release|Any CPU.Build.0 = Release|Any CPU
		{6EE0AD2D-1B3D-41B0-835D-11CA1B87FEA1}.Release|ARM.ActiveCfg = Release|Any CPU
		{6EE0AD2D-1B3D-41B0-835D-11CA1B87FEA1}.Release|ARM.Build.0 = Release|Any CPU
		{6EE0AD2D-1B3D-41B0-835D-11CA1B87FEA1}.Release|iPhone.ActiveCfg = Release|Any CPU
		{6EE0AD2D-1B3D-41B0-835D-11CA1B87FEA1}.Release|iPhone.Build.0 = Release|Any CPU
		{6EE0AD2D-1B3D-41B0-835D-11CA1B87FEA1}.Release|iPhoneSimulator.ActiveCfg = Release|Any CPU
		{6EE0AD2D-1B3D-41B0-835D-11CA1B87FEA1}.Release|iPhoneSimulator.Build.0 = Release|Any CPU
		{6EE0AD2D-1B3D-41B0-835D-11CA1B87FEA1}.Release|x64.ActiveCfg = Release|Any CPU
		{6EE0AD2D-1B3D-41B0-835D-11CA1B87FEA1}.Release|x64.Build.0 = Release|Any CPU
		{6EE0AD2D-1B3D-41B0-835D-11CA1B87FEA1}.Release|x86.ActiveCfg = Release|Any CPU
		{6EE0AD2D-1B3D-41B0-835D-11CA1B87FEA1}.Release|x86.Build.0 = Release|Any CPU
	EndGlobalSection
	GlobalSection(SolutionProperties) = preSolution
		HideSolutionNode = FALSE
	EndGlobalSection
	GlobalSection(ExtensibilityGlobals) = postSolution
		SolutionGuid = {297CFEAE-BFF9-4605-86A1-33A51F22B95B}
	EndGlobalSection
EndGlobal
