
Microsoft Visual Studio Solution File, Format Version 12.00
# Visual Studio 15
VisualStudioVersion = 15.0.27703.2000
MinimumVisualStudioVersion = 10.0.40219.1
Project("{FAE04EC0-301F-11D3-BF4B-00C04F79EFBC}") = "BudgetPlanner", "BudgetPlanner\BudgetPlanner.csproj", "{EE2225F6-B0F2-4268-8CFF-9B999B18F16A}"
EndProject
Project("{FAE04EC0-301F-11D3-BF4B-00C04F79EFBC}") = "FinancialAPI", "..\..\..\Desktop\School\FinancialAPI\FinancialAPI.csproj", "{28E7D78D-B4C9-4C3E-9858-C3DEDCE5F2D8}"
EndProject
Global
	GlobalSection(SolutionConfigurationPlatforms) = preSolution
		Debug|Any CPU = Debug|Any CPU
		Release|Any CPU = Release|Any CPU
	EndGlobalSection
	GlobalSection(ProjectConfigurationPlatforms) = postSolution
		{EE2225F6-B0F2-4268-8CFF-9B999B18F16A}.Debug|Any CPU.ActiveCfg = Debug|Any CPU
		{EE2225F6-B0F2-4268-8CFF-9B999B18F16A}.Debug|Any CPU.Build.0 = Debug|Any CPU
		{EE2225F6-B0F2-4268-8CFF-9B999B18F16A}.Release|Any CPU.ActiveCfg = Release|Any CPU
		{EE2225F6-B0F2-4268-8CFF-9B999B18F16A}.Release|Any CPU.Build.0 = Release|Any CPU
		{28E7D78D-B4C9-4C3E-9858-C3DEDCE5F2D8}.Debug|Any CPU.ActiveCfg = Debug|Any CPU
		{28E7D78D-B4C9-4C3E-9858-C3DEDCE5F2D8}.Debug|Any CPU.Build.0 = Debug|Any CPU
		{28E7D78D-B4C9-4C3E-9858-C3DEDCE5F2D8}.Release|Any CPU.ActiveCfg = Release|Any CPU
		{28E7D78D-B4C9-4C3E-9858-C3DEDCE5F2D8}.Release|Any CPU.Build.0 = Release|Any CPU
	EndGlobalSection
	GlobalSection(SolutionProperties) = preSolution
		HideSolutionNode = FALSE
	EndGlobalSection
	GlobalSection(ExtensibilityGlobals) = postSolution
		SolutionGuid = {297CFEAE-BFF9-4605-86A1-33A51F22B95B}
	EndGlobalSection
EndGlobal
